
Microsoft Visual Studio Solution File, Format Version 12.00
# Visual Studio Version 16
VisualStudioVersion = 16.0.31313.79
MinimumVisualStudioVersion = 10.0.40219.1
Project("{FAE04EC0-301F-11D3-BF4B-00C04F79EFBC}") = "Selecta_Console", "Selecta_Console\Selecta_Console.csproj", "{CCB68673-AAB0-4C56-BA93-4ED405331B07}"
EndProject
Project("{FAE04EC0-301F-11D3-BF4B-00C04F79EFBC}") = "Selecta_Model", "Selecta_Model\Selecta_Model.csproj", "{1BEED65E-EDC3-4075-9102-5C9053059000}"
EndProject
Project("{FAE04EC0-301F-11D3-BF4B-00C04F79EFBC}") = "Selecta_Test", "Selecta_Test\Selecta_Test.csproj", "{B5868C2A-3587-4928-A5F1-ECB56C0BA04C}"
EndProject
Global
	GlobalSection(SolutionConfigurationPlatforms) = preSolution
		Debug|Any CPU = Debug|Any CPU
		Release|Any CPU = Release|Any CPU
	EndGlobalSection
	GlobalSection(ProjectConfigurationPlatforms) = postSolution
		{CCB68673-AAB0-4C56-BA93-4ED405331B07}.Debug|Any CPU.ActiveCfg = Debug|Any CPU
		{CCB68673-AAB0-4C56-BA93-4ED405331B07}.Debug|Any CPU.Build.0 = Debug|Any CPU
		{CCB68673-AAB0-4C56-BA93-4ED405331B07}.Release|Any CPU.ActiveCfg = Release|Any CPU
		{CCB68673-AAB0-4C56-BA93-4ED405331B07}.Release|Any CPU.Build.0 = Release|Any CPU
		{1BEED65E-EDC3-4075-9102-5C9053059000}.Debug|Any CPU.ActiveCfg = Debug|Any CPU
		{1BEED65E-EDC3-4075-9102-5C9053059000}.Debug|Any CPU.Build.0 = Debug|Any CPU
		{1BEED65E-EDC3-4075-9102-5C9053059000}.Release|Any CPU.ActiveCfg = Release|Any CPU
		{1BEED65E-EDC3-4075-9102-5C9053059000}.Release|Any CPU.Build.0 = Release|Any CPU
		{B5868C2A-3587-4928-A5F1-ECB56C0BA04C}.Debug|Any CPU.ActiveCfg = Debug|Any CPU
		{B5868C2A-3587-4928-A5F1-ECB56C0BA04C}.Debug|Any CPU.Build.0 = Debug|Any CPU
		{B5868C2A-3587-4928-A5F1-ECB56C0BA04C}.Release|Any CPU.ActiveCfg = Release|Any CPU
		{B5868C2A-3587-4928-A5F1-ECB56C0BA04C}.Release|Any CPU.Build.0 = Release|Any CPU
	EndGlobalSection
	GlobalSection(SolutionProperties) = preSolution
		HideSolutionNode = FALSE
	EndGlobalSection
	GlobalSection(ExtensibilityGlobals) = postSolution
		SolutionGuid = {3ABF59A4-D58B-4780-B5BB-F3D24852C673}
	EndGlobalSection
EndGlobal
